// !$*UTF8*$!
{
	archiveVersion = 1;
	classes = {
	};
	objectVersion = 46;
	objects = {

/* Begin PBXBuildFile section */
		506133471D436A15004B8871 /* ImageManager.m in Sources */ = {isa = PBXBuildFile; fileRef = 506133461D436A15004B8871 /* ImageManager.m */; };
		506133501D4665AE004B8871 /* Note+CoreDataProperties.m in Sources */ = {isa = PBXBuildFile; fileRef = 506133491D4665AE004B8871 /* Note+CoreDataProperties.m */; };
		506133511D4665AE004B8871 /* Note.m in Sources */ = {isa = PBXBuildFile; fileRef = 5061334B1D4665AE004B8871 /* Note.m */; };
		506133521D4665AE004B8871 /* NoteImage+CoreDataProperties.m in Sources */ = {isa = PBXBuildFile; fileRef = 5061334D1D4665AE004B8871 /* NoteImage+CoreDataProperties.m */; };
		506133531D4665AE004B8871 /* NoteImage.m in Sources */ = {isa = PBXBuildFile; fileRef = 5061334F1D4665AE004B8871 /* NoteImage.m */; };
		506133561D466B5C004B8871 /* ScrollWithImages.m in Sources */ = {isa = PBXBuildFile; fileRef = 506133551D466B5C004B8871 /* ScrollWithImages.m */; };
		50A21DC71D3D23DE006821DF /* NoteModel.m in Sources */ = {isa = PBXBuildFile; fileRef = 50A21DC61D3D23DE006821DF /* NoteModel.m */; };
		50CEEA681D3A4AD10057D6F8 /* main.m in Sources */ = {isa = PBXBuildFile; fileRef = 50CEEA671D3A4AD10057D6F8 /* main.m */; };
		50CEEA6B1D3A4AD10057D6F8 /* AppDelegate.m in Sources */ = {isa = PBXBuildFile; fileRef = 50CEEA6A1D3A4AD10057D6F8 /* AppDelegate.m */; };
		50CEEA6E1D3A4AD10057D6F8 /* ViewController.m in Sources */ = {isa = PBXBuildFile; fileRef = 50CEEA6D1D3A4AD10057D6F8 /* ViewController.m */; };
		50CEEA711D3A4AD10057D6F8 /* Main.storyboard in Resources */ = {isa = PBXBuildFile; fileRef = 50CEEA6F1D3A4AD10057D6F8 /* Main.storyboard */; };
		50CEEA741D3A4AD10057D6F8 /* Notes.xcdatamodeld in Sources */ = {isa = PBXBuildFile; fileRef = 50CEEA721D3A4AD10057D6F8 /* Notes.xcdatamodeld */; };
		50CEEA761D3A4AD10057D6F8 /* Assets.xcassets in Resources */ = {isa = PBXBuildFile; fileRef = 50CEEA751D3A4AD10057D6F8 /* Assets.xcassets */; };
		50CEEA791D3A4AD10057D6F8 /* LaunchScreen.storyboard in Resources */ = {isa = PBXBuildFile; fileRef = 50CEEA771D3A4AD10057D6F8 /* LaunchScreen.storyboard */; };
		50CEEA841D3A4AD10057D6F8 /* NotesTests.m in Sources */ = {isa = PBXBuildFile; fileRef = 50CEEA831D3A4AD10057D6F8 /* NotesTests.m */; };
		50CEEA951D3A601A0057D6F8 /* DetailNoteViewController.m in Sources */ = {isa = PBXBuildFile; fileRef = 50CEEA941D3A601A0057D6F8 /* DetailNoteViewController.m */; };
/* End PBXBuildFile section */

/* Begin PBXContainerItemProxy section */
		50CEEA801D3A4AD10057D6F8 /* PBXContainerItemProxy */ = {
			isa = PBXContainerItemProxy;
			containerPortal = 50CEEA5B1D3A4AD00057D6F8 /* Project object */;
			proxyType = 1;
			remoteGlobalIDString = 50CEEA621D3A4AD00057D6F8;
			remoteInfo = Notes;
		};
/* End PBXContainerItemProxy section */

/* Begin PBXFileReference section */
		506133451D436A15004B8871 /* ImageManager.h */ = {isa = PBXFileReference; fileEncoding = 4; lastKnownFileType = sourcecode.c.h; path = ImageManager.h; sourceTree = "<group>"; };
		506133461D436A15004B8871 /* ImageManager.m */ = {isa = PBXFileReference; fileEncoding = 4; lastKnownFileType = sourcecode.c.objc; path = ImageManager.m; sourceTree = "<group>"; };
		506133481D4665AE004B8871 /* Note+CoreDataProperties.h */ = {isa = PBXFileReference; fileEncoding = 4; lastKnownFileType = sourcecode.c.h; name = "Note+CoreDataProperties.h"; path = "../Note+CoreDataProperties.h"; sourceTree = "<group>"; };
		506133491D4665AE004B8871 /* Note+CoreDataProperties.m */ = {isa = PBXFileReference; fileEncoding = 4; lastKnownFileType = sourcecode.c.objc; name = "Note+CoreDataProperties.m"; path = "../Note+CoreDataProperties.m"; sourceTree = "<group>"; };
		5061334A1D4665AE004B8871 /* Note.h */ = {isa = PBXFileReference; fileEncoding = 4; lastKnownFileType = sourcecode.c.h; name = Note.h; path = ../Note.h; sourceTree = "<group>"; };
		5061334B1D4665AE004B8871 /* Note.m */ = {isa = PBXFileReference; fileEncoding = 4; lastKnownFileType = sourcecode.c.objc; name = Note.m; path = ../Note.m; sourceTree = "<group>"; };
		5061334C1D4665AE004B8871 /* NoteImage+CoreDataProperties.h */ = {isa = PBXFileReference; fileEncoding = 4; lastKnownFileType = sourcecode.c.h; name = "NoteImage+CoreDataProperties.h"; path = "../NoteImage+CoreDataProperties.h"; sourceTree = "<group>"; };
		5061334D1D4665AE004B8871 /* NoteImage+CoreDataProperties.m */ = {isa = PBXFileReference; fileEncoding = 4; lastKnownFileType = sourcecode.c.objc; name = "NoteImage+CoreDataProperties.m"; path = "../NoteImage+CoreDataProperties.m"; sourceTree = "<group>"; };
		5061334E1D4665AE004B8871 /* NoteImage.h */ = {isa = PBXFileReference; fileEncoding = 4; lastKnownFileType = sourcecode.c.h; name = NoteImage.h; path = ../NoteImage.h; sourceTree = "<group>"; };
		5061334F1D4665AE004B8871 /* NoteImage.m */ = {isa = PBXFileReference; fileEncoding = 4; lastKnownFileType = sourcecode.c.objc; name = NoteImage.m; path = ../NoteImage.m; sourceTree = "<group>"; };
		506133541D466B5C004B8871 /* ScrollWithImages.h */ = {isa = PBXFileReference; fileEncoding = 4; lastKnownFileType = sourcecode.c.h; path = ScrollWithImages.h; sourceTree = "<group>"; };
		506133551D466B5C004B8871 /* ScrollWithImages.m */ = {isa = PBXFileReference; fileEncoding = 4; lastKnownFileType = sourcecode.c.objc; path = ScrollWithImages.m; sourceTree = "<group>"; };
		50A21DC51D3D23DE006821DF /* NoteModel.h */ = {isa = PBXFileReference; fileEncoding = 4; lastKnownFileType = sourcecode.c.h; path = NoteModel.h; sourceTree = "<group>"; };
		50A21DC61D3D23DE006821DF /* NoteModel.m */ = {isa = PBXFileReference; fileEncoding = 4; lastKnownFileType = sourcecode.c.objc; path = NoteModel.m; sourceTree = "<group>"; };
		50CEEA631D3A4AD00057D6F8 /* Notes.app */ = {isa = PBXFileReference; explicitFileType = wrapper.application; includeInIndex = 0; path = Notes.app; sourceTree = BUILT_PRODUCTS_DIR; };
		50CEEA671D3A4AD10057D6F8 /* main.m */ = {isa = PBXFileReference; lastKnownFileType = sourcecode.c.objc; path = main.m; sourceTree = "<group>"; };
		50CEEA691D3A4AD10057D6F8 /* AppDelegate.h */ = {isa = PBXFileReference; lastKnownFileType = sourcecode.c.h; path = AppDelegate.h; sourceTree = "<group>"; };
		50CEEA6A1D3A4AD10057D6F8 /* AppDelegate.m */ = {isa = PBXFileReference; lastKnownFileType = sourcecode.c.objc; path = AppDelegate.m; sourceTree = "<group>"; };
		50CEEA6C1D3A4AD10057D6F8 /* ViewController.h */ = {isa = PBXFileReference; lastKnownFileType = sourcecode.c.h; path = ViewController.h; sourceTree = "<group>"; };
		50CEEA6D1D3A4AD10057D6F8 /* ViewController.m */ = {isa = PBXFileReference; lastKnownFileType = sourcecode.c.objc; path = ViewController.m; sourceTree = "<group>"; };
		50CEEA701D3A4AD10057D6F8 /* Base */ = {isa = PBXFileReference; lastKnownFileType = file.storyboard; name = Base; path = Base.lproj/Main.storyboard; sourceTree = "<group>"; };
		50CEEA731D3A4AD10057D6F8 /* Notes.xcdatamodel */ = {isa = PBXFileReference; lastKnownFileType = wrapper.xcdatamodel; path = Notes.xcdatamodel; sourceTree = "<group>"; };
		50CEEA751D3A4AD10057D6F8 /* Assets.xcassets */ = {isa = PBXFileReference; lastKnownFileType = folder.assetcatalog; path = Assets.xcassets; sourceTree = "<group>"; };
		50CEEA781D3A4AD10057D6F8 /* Base */ = {isa = PBXFileReference; lastKnownFileType = file.storyboard; name = Base; path = Base.lproj/LaunchScreen.storyboard; sourceTree = "<group>"; };
		50CEEA7A1D3A4AD10057D6F8 /* Info.plist */ = {isa = PBXFileReference; lastKnownFileType = text.plist.xml; path = Info.plist; sourceTree = "<group>"; };
		50CEEA7F1D3A4AD10057D6F8 /* NotesTests.xctest */ = {isa = PBXFileReference; explicitFileType = wrapper.cfbundle; includeInIndex = 0; path = NotesTests.xctest; sourceTree = BUILT_PRODUCTS_DIR; };
		50CEEA831D3A4AD10057D6F8 /* NotesTests.m */ = {isa = PBXFileReference; lastKnownFileType = sourcecode.c.objc; path = NotesTests.m; sourceTree = "<group>"; };
		50CEEA851D3A4AD10057D6F8 /* Info.plist */ = {isa = PBXFileReference; lastKnownFileType = text.plist.xml; path = Info.plist; sourceTree = "<group>"; };
		50CEEA931D3A601A0057D6F8 /* DetailNoteViewController.h */ = {isa = PBXFileReference; fileEncoding = 4; lastKnownFileType = sourcecode.c.h; path = DetailNoteViewController.h; sourceTree = "<group>"; };
		50CEEA941D3A601A0057D6F8 /* DetailNoteViewController.m */ = {isa = PBXFileReference; fileEncoding = 4; lastKnownFileType = sourcecode.c.objc; path = DetailNoteViewController.m; sourceTree = "<group>"; };
/* End PBXFileReference section */

/* Begin PBXFrameworksBuildPhase section */
		50CEEA601D3A4AD00057D6F8 /* Frameworks */ = {
			isa = PBXFrameworksBuildPhase;
			buildActionMask = 2147483647;
			files = (
			);
			runOnlyForDeploymentPostprocessing = 0;
		};
		50CEEA7C1D3A4AD10057D6F8 /* Frameworks */ = {
			isa = PBXFrameworksBuildPhase;
			buildActionMask = 2147483647;
			files = (
			);
			runOnlyForDeploymentPostprocessing = 0;
		};
/* End PBXFrameworksBuildPhase section */

/* Begin PBXGroup section */
		506133571D466B60004B8871 /* View */ = {
			isa = PBXGroup;
			children = (
				506133541D466B5C004B8871 /* ScrollWithImages.h */,
				506133551D466B5C004B8871 /* ScrollWithImages.m */,
			);
			name = View;
			sourceTree = "<group>";
		};
		50A21DC41D3D23B0006821DF /* Model */ = {
			isa = PBXGroup;
			children = (
				50A21DC51D3D23DE006821DF /* NoteModel.h */,
				50A21DC61D3D23DE006821DF /* NoteModel.m */,
				506133451D436A15004B8871 /* ImageManager.h */,
				506133461D436A15004B8871 /* ImageManager.m */,
			);
			name = Model;
			sourceTree = "<group>";
		};
		50CEEA5A1D3A4AD00057D6F8 = {
			isa = PBXGroup;
			children = (
				50CEEA651D3A4AD10057D6F8 /* Notes */,
				50CEEA821D3A4AD10057D6F8 /* NotesTests */,
				50CEEA641D3A4AD00057D6F8 /* Products */,
			);
			sourceTree = "<group>";
		};
		50CEEA641D3A4AD00057D6F8 /* Products */ = {
			isa = PBXGroup;
			children = (
				50CEEA631D3A4AD00057D6F8 /* Notes.app */,
				50CEEA7F1D3A4AD10057D6F8 /* NotesTests.xctest */,
			);
			name = Products;
			sourceTree = "<group>";
		};
		50CEEA651D3A4AD10057D6F8 /* Notes */ = {
			isa = PBXGroup;
			children = (
				50CEEA691D3A4AD10057D6F8 /* AppDelegate.h */,
				50CEEA6A1D3A4AD10057D6F8 /* AppDelegate.m */,
				50CEEA8E1D3A5D480057D6F8 /* ManagedObjects */,
				506133571D466B60004B8871 /* View */,
				50CEEA921D3A5EB70057D6F8 /* Controllers */,
				50A21DC41D3D23B0006821DF /* Model */,
				50CEEA6F1D3A4AD10057D6F8 /* Main.storyboard */,
				50CEEA751D3A4AD10057D6F8 /* Assets.xcassets */,
				50CEEA771D3A4AD10057D6F8 /* LaunchScreen.storyboard */,
				50CEEA7A1D3A4AD10057D6F8 /* Info.plist */,
				50CEEA721D3A4AD10057D6F8 /* Notes.xcdatamodeld */,
				50CEEA661D3A4AD10057D6F8 /* Supporting Files */,
			);
			path = Notes;
			sourceTree = "<group>";
		};
		50CEEA661D3A4AD10057D6F8 /* Supporting Files */ = {
			isa = PBXGroup;
			children = (
				50CEEA671D3A4AD10057D6F8 /* main.m */,
			);
			name = "Supporting Files";
			sourceTree = "<group>";
		};
		50CEEA821D3A4AD10057D6F8 /* NotesTests */ = {
			isa = PBXGroup;
			children = (
				50CEEA831D3A4AD10057D6F8 /* NotesTests.m */,
				50CEEA851D3A4AD10057D6F8 /* Info.plist */,
			);
			path = NotesTests;
			sourceTree = "<group>";
		};
		50CEEA8E1D3A5D480057D6F8 /* ManagedObjects */ = {
			isa = PBXGroup;
			children = (
				506133481D4665AE004B8871 /* Note+CoreDataProperties.h */,
				506133491D4665AE004B8871 /* Note+CoreDataProperties.m */,
				5061334A1D4665AE004B8871 /* Note.h */,
				5061334B1D4665AE004B8871 /* Note.m */,
				5061334C1D4665AE004B8871 /* NoteImage+CoreDataProperties.h */,
				5061334D1D4665AE004B8871 /* NoteImage+CoreDataProperties.m */,
				5061334E1D4665AE004B8871 /* NoteImage.h */,
				5061334F1D4665AE004B8871 /* NoteImage.m */,
			);
			name = ManagedObjects;
			sourceTree = "<group>";
		};
		50CEEA921D3A5EB70057D6F8 /* Controllers */ = {
			isa = PBXGroup;
			children = (
				50CEEA6C1D3A4AD10057D6F8 /* ViewController.h */,
				50CEEA6D1D3A4AD10057D6F8 /* ViewController.m */,
				50CEEA931D3A601A0057D6F8 /* DetailNoteViewController.h */,
				50CEEA941D3A601A0057D6F8 /* DetailNoteViewController.m */,
			);
			name = Controllers;
			sourceTree = "<group>";
		};
/* End PBXGroup section */

/* Begin PBXNativeTarget section */
		50CEEA621D3A4AD00057D6F8 /* Notes */ = {
			isa = PBXNativeTarget;
			buildConfigurationList = 50CEEA881D3A4AD10057D6F8 /* Build configuration list for PBXNativeTarget "Notes" */;
			buildPhases = (
				50CEEA5F1D3A4AD00057D6F8 /* Sources */,
				50CEEA601D3A4AD00057D6F8 /* Frameworks */,
				50CEEA611D3A4AD00057D6F8 /* Resources */,
			);
			buildRules = (
			);
			dependencies = (
			);
			name = Notes;
			productName = Notes;
			productReference = 50CEEA631D3A4AD00057D6F8 /* Notes.app */;
			productType = "com.apple.product-type.application";
		};
		50CEEA7E1D3A4AD10057D6F8 /* NotesTests */ = {
			isa = PBXNativeTarget;
			buildConfigurationList = 50CEEA8B1D3A4AD10057D6F8 /* Build configuration list for PBXNativeTarget "NotesTests" */;
			buildPhases = (
				50CEEA7B1D3A4AD10057D6F8 /* Sources */,
				50CEEA7C1D3A4AD10057D6F8 /* Frameworks */,
				50CEEA7D1D3A4AD10057D6F8 /* Resources */,
			);
			buildRules = (
			);
			dependencies = (
				50CEEA811D3A4AD10057D6F8 /* PBXTargetDependency */,
			);
			name = NotesTests;
			productName = NotesTests;
			productReference = 50CEEA7F1D3A4AD10057D6F8 /* NotesTests.xctest */;
			productType = "com.apple.product-type.bundle.unit-test";
		};
/* End PBXNativeTarget section */

/* Begin PBXProject section */
		50CEEA5B1D3A4AD00057D6F8 /* Project object */ = {
			isa = PBXProject;
			attributes = {
				LastUpgradeCheck = 0730;
				ORGANIZATIONNAME = AM;
				TargetAttributes = {
					50CEEA621D3A4AD00057D6F8 = {
						CreatedOnToolsVersion = 7.3.1;
					};
					50CEEA7E1D3A4AD10057D6F8 = {
						CreatedOnToolsVersion = 7.3.1;
						TestTargetID = 50CEEA621D3A4AD00057D6F8;
					};
				};
			};
			buildConfigurationList = 50CEEA5E1D3A4AD00057D6F8 /* Build configuration list for PBXProject "Notes" */;
			compatibilityVersion = "Xcode 3.2";
			developmentRegion = English;
			hasScannedForEncodings = 0;
			knownRegions = (
				en,
				Base,
			);
			mainGroup = 50CEEA5A1D3A4AD00057D6F8;
			productRefGroup = 50CEEA641D3A4AD00057D6F8 /* Products */;
			projectDirPath = "";
			projectRoot = "";
			targets = (
				50CEEA621D3A4AD00057D6F8 /* Notes */,
				50CEEA7E1D3A4AD10057D6F8 /* NotesTests */,
			);
		};
/* End PBXProject section */

/* Begin PBXResourcesBuildPhase section */
		50CEEA611D3A4AD00057D6F8 /* Resources */ = {
			isa = PBXResourcesBuildPhase;
			buildActionMask = 2147483647;
			files = (
				50CEEA791D3A4AD10057D6F8 /* LaunchScreen.storyboard in Resources */,
				50CEEA761D3A4AD10057D6F8 /* Assets.xcassets in Resources */,
				50CEEA711D3A4AD10057D6F8 /* Main.storyboard in Resources */,
			);
			runOnlyForDeploymentPostprocessing = 0;
		};
		50CEEA7D1D3A4AD10057D6F8 /* Resources */ = {
			isa = PBXResourcesBuildPhase;
			buildActionMask = 2147483647;
			files = (
			);
			runOnlyForDeploymentPostprocessing = 0;
		};
/* End PBXResourcesBuildPhase section */

/* Begin PBXSourcesBuildPhase section */
		50CEEA5F1D3A4AD00057D6F8 /* Sources */ = {
			isa = PBXSourcesBuildPhase;
			buildActionMask = 2147483647;
			files = (
				506133511D4665AE004B8871 /* Note.m in Sources */,
				50CEEA951D3A601A0057D6F8 /* DetailNoteViewController.m in Sources */,
				506133531D4665AE004B8871 /* NoteImage.m in Sources */,
				50CEEA6E1D3A4AD10057D6F8 /* ViewController.m in Sources */,
				506133471D436A15004B8871 /* ImageManager.m in Sources */,
				50CEEA6B1D3A4AD10057D6F8 /* AppDelegate.m in Sources */,
				50CEEA681D3A4AD10057D6F8 /* main.m in Sources */,
				506133501D4665AE004B8871 /* Note+CoreDataProperties.m in Sources */,
				50CEEA741D3A4AD10057D6F8 /* Notes.xcdatamodeld in Sources */,
				50A21DC71D3D23DE006821DF /* NoteModel.m in Sources */,
				506133561D466B5C004B8871 /* ScrollWithImages.m in Sources */,
				506133521D4665AE004B8871 /* NoteImage+CoreDataProperties.m in Sources */,
			);
			runOnlyForDeploymentPostprocessing = 0;
		};
		50CEEA7B1D3A4AD10057D6F8 /* Sources */ = {
			isa = PBXSourcesBuildPhase;
			buildActionMask = 2147483647;
			files = (
				50CEEA841D3A4AD10057D6F8 /* NotesTests.m in Sources */,
			);
			runOnlyForDeploymentPostprocessing = 0;
		};
/* End PBXSourcesBuildPhase section */

/* Begin PBXTargetDependency section */
		50CEEA811D3A4AD10057D6F8 /* PBXTargetDependency */ = {
			isa = PBXTargetDependency;
			target = 50CEEA621D3A4AD00057D6F8 /* Notes */;
			targetProxy = 50CEEA801D3A4AD10057D6F8 /* PBXContainerItemProxy */;
		};
/* End PBXTargetDependency section */

/* Begin PBXVariantGroup section */
		50CEEA6F1D3A4AD10057D6F8 /* Main.storyboard */ = {
			isa = PBXVariantGroup;
			children = (
				50CEEA701D3A4AD10057D6F8 /* Base */,
			);
			name = Main.storyboard;
			sourceTree = "<group>";
		};
		50CEEA771D3A4AD10057D6F8 /* LaunchScreen.storyboard */ = {
			isa = PBXVariantGroup;
			children = (
				50CEEA781D3A4AD10057D6F8 /* Base */,
			);
			name = LaunchScreen.storyboard;
			sourceTree = "<group>";
		};
/* End PBXVariantGroup section */

/* Begin XCBuildConfiguration section */
		50CEEA861D3A4AD10057D6F8 /* Debug */ = {
			isa = XCBuildConfiguration;
			buildSettings = {
				ALWAYS_SEARCH_USER_PATHS = NO;
				CLANG_ANALYZER_NONNULL = YES;
				CLANG_CXX_LANGUAGE_STANDARD = "gnu++0x";
				CLANG_CXX_LIBRARY = "libc++";
				CLANG_ENABLE_MODULES = YES;
				CLANG_ENABLE_OBJC_ARC = YES;
				CLANG_WARN_BOOL_CONVERSION = YES;
				CLANG_WARN_CONSTANT_CONVERSION = YES;
				CLANG_WARN_DIRECT_OBJC_ISA_USAGE = YES_ERROR;
				CLANG_WARN_EMPTY_BODY = YES;
				CLANG_WARN_ENUM_CONVERSION = YES;
				CLANG_WARN_INT_CONVERSION = YES;
				CLANG_WARN_OBJC_ROOT_CLASS = YES_ERROR;
				CLANG_WARN_UNREACHABLE_CODE = YES;
				CLANG_WARN__DUPLICATE_METHOD_MATCH = YES;
				"CODE_SIGN_IDENTITY[sdk=iphoneos*]" = "iPhone Developer";
				COPY_PHASE_STRIP = NO;
				DEBUG_INFORMATION_FORMAT = dwarf;
				ENABLE_STRICT_OBJC_MSGSEND = YES;
				ENABLE_TESTABILITY = YES;
				GCC_C_LANGUAGE_STANDARD = gnu99;
				GCC_DYNAMIC_NO_PIC = NO;
				GCC_NO_COMMON_BLOCKS = YES;
				GCC_OPTIMIZATION_LEVEL = 0;
				GCC_PREPROCESSOR_DEFINITIONS = (
					"DEBUG=1",
					"$(inherited)",
				);
				GCC_WARN_64_TO_32_BIT_CONVERSION = YES;
				GCC_WARN_ABOUT_RETURN_TYPE = YES_ERROR;
				GCC_WARN_UNDECLARED_SELECTOR = YES;
				GCC_WARN_UNINITIALIZED_AUTOS = YES_AGGRESSIVE;
				GCC_WARN_UNUSED_FUNCTION = YES;
				GCC_WARN_UNUSED_VARIABLE = YES;
				IPHONEOS_DEPLOYMENT_TARGET = 9.3;
				MTL_ENABLE_DEBUG_INFO = YES;
				ONLY_ACTIVE_ARCH = YES;
				SDKROOT = iphoneos;
			};
			name = Debug;
		};
		50CEEA871D3A4AD10057D6F8 /* Release */ = {
			isa = XCBuildConfiguration;
			buildSettings = {
				ALWAYS_SEARCH_USER_PATHS = NO;
				CLANG_ANALYZER_NONNULL = YES;
				CLANG_CXX_LANGUAGE_STANDARD = "gnu++0x";
				CLANG_CXX_LIBRARY = "libc++";
				CLANG_ENABLE_MODULES = YES;
				CLANG_ENABLE_OBJC_ARC = YES;
				CLANG_WARN_BOOL_CONVERSION = YES;
				CLANG_WARN_CONSTANT_CONVERSION = YES;
				CLANG_WARN_DIRECT_OBJC_ISA_USAGE = YES_ERROR;
				CLANG_WARN_EMPTY_BODY = YES;
				CLANG_WARN_ENUM_CONVERSION = YES;
				CLANG_WARN_INT_CONVERSION = YES;
				CLANG_WARN_OBJC_ROOT_CLASS = YES_ERROR;
				CLANG_WARN_UNREACHABLE_CODE = YES;
				CLANG_WARN__DUPLICATE_METHOD_MATCH = YES;
				"CODE_SIGN_IDENTITY[sdk=iphoneos*]" = "iPhone Developer";
				COPY_PHASE_STRIP = NO;
				DEBUG_INFORMATION_FORMAT = "dwarf-with-dsym";
				ENABLE_NS_ASSERTIONS = NO;
				ENABLE_STRICT_OBJC_MSGSEND = YES;
				GCC_C_LANGUAGE_STANDARD = gnu99;
				GCC_NO_COMMON_BLOCKS = YES;
				GCC_WARN_64_TO_32_BIT_CONVERSION = YES;
				GCC_WARN_ABOUT_RETURN_TYPE = YES_ERROR;
				GCC_WARN_UNDECLARED_SELECTOR = YES;
				GCC_WARN_UNINITIALIZED_AUTOS = YES_AGGRESSIVE;
				GCC_WARN_UNUSED_FUNCTION = YES;
				GCC_WARN_UNUSED_VARIABLE = YES;
				IPHONEOS_DEPLOYMENT_TARGET = 9.3;
				MTL_ENABLE_DEBUG_INFO = NO;
				SDKROOT = iphoneos;
				VALIDATE_PRODUCT = YES;
			};
			name = Release;
		};
		50CEEA891D3A4AD10057D6F8 /* Debug */ = {
			isa = XCBuildConfiguration;
			buildSettings = {
				ASSETCATALOG_COMPILER_APPICON_NAME = AppIcon;
				INFOPLIST_FILE = Notes/Info.plist;
				LD_RUNPATH_SEARCH_PATHS = "$(inherited) @executable_path/Frameworks";
				PRODUCT_BUNDLE_IDENTIFIER = wtd.testwatchmedia.Notes;
				PRODUCT_NAME = "$(TARGET_NAME)";
				TARGETED_DEVICE_FAMILY = "1,2";
			};
			name = Debug;
		};
		50CEEA8A1D3A4AD10057D6F8 /* Release */ = {
			isa = XCBuildConfiguration;
			buildSettings = {
				ASSETCATALOG_COMPILER_APPICON_NAME = AppIcon;
				INFOPLIST_FILE = Notes/Info.plist;
				LD_RUNPATH_SEARCH_PATHS = "$(inherited) @executable_path/Frameworks";
				PRODUCT_BUNDLE_IDENTIFIER = wtd.testwatchmedia.Notes;
				PRODUCT_NAME = "$(TARGET_NAME)";
				TARGETED_DEVICE_FAMILY = "1,2";
			};
			name = Release;
		};
		50CEEA8C1D3A4AD10057D6F8 /* Debug */ = {
			isa = XCBuildConfiguration;
			buildSettings = {
				BUNDLE_LOADER = "$(TEST_HOST)";
				INFOPLIST_FILE = NotesTests/Info.plist;
				LD_RUNPATH_SEARCH_PATHS = "$(inherited) @executable_path/Frameworks @loader_path/Frameworks";
				PRODUCT_BUNDLE_IDENTIFIER = wtd.testwatchmedia.NotesTests;
				PRODUCT_NAME = "$(TARGET_NAME)";
				TEST_HOST = "$(BUILT_PRODUCTS_DIR)/Notes.app/Notes";
			};
			name = Debug;
		};
		50CEEA8D1D3A4AD10057D6F8 /* Release */ = {
			isa = XCBuildConfiguration;
			buildSettings = {
				BUNDLE_LOADER = "$(TEST_HOST)";
				INFOPLIST_FILE = NotesTests/Info.plist;
				LD_RUNPATH_SEARCH_PATHS = "$(inherited) @executable_path/Frameworks @loader_path/Frameworks";
				PRODUCT_BUNDLE_IDENTIFIER = wtd.testwatchmedia.NotesTests;
				PRODUCT_NAME = "$(TARGET_NAME)";
				TEST_HOST = "$(BUILT_PRODUCTS_DIR)/Notes.app/Notes";
			};
			name = Release;
		};
/* End XCBuildConfiguration section */

/* Begin XCConfigurationList section */
		50CEEA5E1D3A4AD00057D6F8 /* Build configuration list for PBXProject "Notes" */ = {
			isa = XCConfigurationList;
			buildConfigurations = (
				50CEEA861D3A4AD10057D6F8 /* Debug */,
				50CEEA871D3A4AD10057D6F8 /* Release */,
			);
			defaultConfigurationIsVisible = 0;
			defaultConfigurationName = Release;
		};
		50CEEA881D3A4AD10057D6F8 /* Build configuration list for PBXNativeTarget "Notes" */ = {
			isa = XCConfigurationList;
			buildConfigurations = (
				50CEEA891D3A4AD10057D6F8 /* Debug */,
				50CEEA8A1D3A4AD10057D6F8 /* Release */,
			);
			defaultConfigurationIsVisible = 0;
			defaultConfigurationName = Release;
		};
		50CEEA8B1D3A4AD10057D6F8 /* Build configuration list for PBXNativeTarget "NotesTests" */ = {
			isa = XCConfigurationList;
			buildConfigurations = (
				50CEEA8C1D3A4AD10057D6F8 /* Debug */,
				50CEEA8D1D3A4AD10057D6F8 /* Release */,
			);
			defaultConfigurationIsVisible = 0;
			defaultConfigurationName = Release;
		};
/* End XCConfigurationList section */

/* Begin XCVersionGroup section */
		50CEEA721D3A4AD10057D6F8 /* Notes.xcdatamodeld */ = {
			isa = XCVersionGroup;
			children = (
				50CEEA731D3A4AD10057D6F8 /* Notes.xcdatamodel */,
			);
			currentVersion = 50CEEA731D3A4AD10057D6F8 /* Notes.xcdatamodel */;
			path = Notes.xcdatamodeld;
			sourceTree = "<group>";
			versionGroupType = wrapper.xcdatamodel;
		};
/* End XCVersionGroup section */
	};
	rootObject = 50CEEA5B1D3A4AD00057D6F8 /* Project object */;
}
